
Microsoft Visual Studio Solution File, Format Version 12.00
Project("{FAE04EC0-301F-11D3-BF4B-00C04F79EFBC}") = "lab2", "lab2\lab2.csproj", "{B38B991D-053A-4138-BAF8-C3E55350437D}"
EndProject
Global
	GlobalSection(SolutionConfigurationPlatforms) = preSolution
		Debug|Any CPU = Debug|Any CPU
		Release|Any CPU = Release|Any CPU
	EndGlobalSection
	GlobalSection(ProjectConfigurationPlatforms) = postSolution
		{B38B991D-053A-4138-BAF8-C3E55350437D}.Debug|Any CPU.ActiveCfg = Debug|Any CPU
		{B38B991D-053A-4138-BAF8-C3E55350437D}.Debug|Any CPU.Build.0 = Debug|Any CPU
		{B38B991D-053A-4138-BAF8-C3E55350437D}.Release|Any CPU.ActiveCfg = Release|Any CPU
		{B38B991D-053A-4138-BAF8-C3E55350437D}.Release|Any CPU.Build.0 = Release|Any CPU
	EndGlobalSection
EndGlobal
